
Microsoft Visual Studio Solution File, Format Version 12.00
# Visual Studio 15
Project("{FAE04EC0-301F-11D3-BF4B-00C04F79EFBC}") = "PhotonRealtime", "PhotonRealtime.csproj", "{B63B0E46-E9E8-0210-BC8B-A0F0939E91C4}"
EndProject
Project("{FAE04EC0-301F-11D3-BF4B-00C04F79EFBC}") = "PhotonUnityNetworking.Editor", "PhotonUnityNetworking.Editor.csproj", "{97D25494-34FE-44BD-41B7-024B4B2AF76B}"
EndProject
Project("{FAE04EC0-301F-11D3-BF4B-00C04F79EFBC}") = "PhotonUnityNetworking", "PhotonUnityNetworking.csproj", "{B21115CF-BFCE-5412-29CE-788CCAB5315C}"
EndProject
Project("{FAE04EC0-301F-11D3-BF4B-00C04F79EFBC}") = "PhotonUnityNetworking.Demos", "PhotonUnityNetworking.Demos.csproj", "{4693AFFC-CC59-601B-45EF-4B0C43E20E22}"
EndProject
Project("{FAE04EC0-301F-11D3-BF4B-00C04F79EFBC}") = "Assembly-CSharp", "Assembly-CSharp.csproj", "{A96D9DD3-E2DF-6A65-74FA-193D0E3C0B87}"
EndProject
Project("{FAE04EC0-301F-11D3-BF4B-00C04F79EFBC}") = "PhotonUnityNetworking.Utilities", "PhotonUnityNetworking.Utilities.csproj", "{2190ECEE-D637-BF21-FF3F-A7A822F4B871}"
EndProject
Project("{FAE04EC0-301F-11D3-BF4B-00C04F79EFBC}") = "PunDemos.DemoHubEditor", "PunDemos.DemoHubEditor.csproj", "{053AC486-87DE-A8C1-C8F9-15452CD32867}"
EndProject
Project("{FAE04EC0-301F-11D3-BF4B-00C04F79EFBC}") = "PunDemos.DemoSlotcarEditor", "PunDemos.DemoSlotcarEditor.csproj", "{11A87AAC-A364-A9F3-E114-7B45AFC3368D}"
EndProject
Project("{FAE04EC0-301F-11D3-BF4B-00C04F79EFBC}") = "PhotonChat", "PhotonChat.csproj", "{927CD925-C300-9A6E-6540-E89F819D2192}"
EndProject
Project("{FAE04EC0-301F-11D3-BF4B-00C04F79EFBC}") = "PhotonUnityNetworking.Utilities.PhotonPlayer.Editor", "PhotonUnityNetworking.Utilities.PhotonPlayer.Editor.csproj", "{FAB6088E-7790-06A8-DE74-7BA12E29CC67}"
EndProject
Project("{FAE04EC0-301F-11D3-BF4B-00C04F79EFBC}") = "PhotonUnityNetworking.Utilities.Culling.Editor", "PhotonUnityNetworking.Utilities.Culling.Editor.csproj", "{B9CA0C69-0B73-626B-D7EE-100827CA396B}"
EndProject
Project("{FAE04EC0-301F-11D3-BF4B-00C04F79EFBC}") = "Assembly-CSharp-Editor", "Assembly-CSharp-Editor.csproj", "{AA958A9E-8B9F-2D1D-F4C4-54D855C60F26}"
EndProject
Global
	GlobalSection(SolutionConfigurationPlatforms) = preSolution
		Debug|Any CPU = Debug|Any CPU
		Release|Any CPU = Release|Any CPU
	EndGlobalSection
	GlobalSection(ProjectConfigurationPlatforms) = postSolution
		{B63B0E46-E9E8-0210-BC8B-A0F0939E91C4}.Debug|Any CPU.ActiveCfg = Debug|Any CPU
		{B63B0E46-E9E8-0210-BC8B-A0F0939E91C4}.Debug|Any CPU.Build.0 = Debug|Any CPU
		{B63B0E46-E9E8-0210-BC8B-A0F0939E91C4}.Release|Any CPU.ActiveCfg = Release|Any CPU
		{B63B0E46-E9E8-0210-BC8B-A0F0939E91C4}.Release|Any CPU.Build.0 = Release|Any CPU
		{97D25494-34FE-44BD-41B7-024B4B2AF76B}.Debug|Any CPU.ActiveCfg = Debug|Any CPU
		{97D25494-34FE-44BD-41B7-024B4B2AF76B}.Debug|Any CPU.Build.0 = Debug|Any CPU
		{97D25494-34FE-44BD-41B7-024B4B2AF76B}.Release|Any CPU.ActiveCfg = Release|Any CPU
		{97D25494-34FE-44BD-41B7-024B4B2AF76B}.Release|Any CPU.Build.0 = Release|Any CPU
		{B21115CF-BFCE-5412-29CE-788CCAB5315C}.Debug|Any CPU.ActiveCfg = Debug|Any CPU
		{B21115CF-BFCE-5412-29CE-788CCAB5315C}.Debug|Any CPU.Build.0 = Debug|Any CPU
		{B21115CF-BFCE-5412-29CE-788CCAB5315C}.Release|Any CPU.ActiveCfg = Release|Any CPU
		{B21115CF-BFCE-5412-29CE-788CCAB5315C}.Release|Any CPU.Build.0 = Release|Any CPU
		{4693AFFC-CC59-601B-45EF-4B0C43E20E22}.Debug|Any CPU.ActiveCfg = Debug|Any CPU
		{4693AFFC-CC59-601B-45EF-4B0C43E20E22}.Debug|Any CPU.Build.0 = Debug|Any CPU
		{4693AFFC-CC59-601B-45EF-4B0C43E20E22}.Release|Any CPU.ActiveCfg = Release|Any CPU
		{4693AFFC-CC59-601B-45EF-4B0C43E20E22}.Release|Any CPU.Build.0 = Release|Any CPU
		{A96D9DD3-E2DF-6A65-74FA-193D0E3C0B87}.Debug|Any CPU.ActiveCfg = Debug|Any CPU
		{A96D9DD3-E2DF-6A65-74FA-193D0E3C0B87}.Debug|Any CPU.Build.0 = Debug|Any CPU
		{A96D9DD3-E2DF-6A65-74FA-193D0E3C0B87}.Release|Any CPU.ActiveCfg = Release|Any CPU
		{A96D9DD3-E2DF-6A65-74FA-193D0E3C0B87}.Release|Any CPU.Build.0 = Release|Any CPU
		{2190ECEE-D637-BF21-FF3F-A7A822F4B871}.Debug|Any CPU.ActiveCfg = Debug|Any CPU
		{2190ECEE-D637-BF21-FF3F-A7A822F4B871}.Debug|Any CPU.Build.0 = Debug|Any CPU
		{2190ECEE-D637-BF21-FF3F-A7A822F4B871}.Release|Any CPU.ActiveCfg = Release|Any CPU
		{2190ECEE-D637-BF21-FF3F-A7A822F4B871}.Release|Any CPU.Build.0 = Release|Any CPU
		{053AC486-87DE-A8C1-C8F9-15452CD32867}.Debug|Any CPU.ActiveCfg = Debug|Any CPU
		{053AC486-87DE-A8C1-C8F9-15452CD32867}.Debug|Any CPU.Build.0 = Debug|Any CPU
		{053AC486-87DE-A8C1-C8F9-15452CD32867}.Release|Any CPU.ActiveCfg = Release|Any CPU
		{053AC486-87DE-A8C1-C8F9-15452CD32867}.Release|Any CPU.Build.0 = Release|Any CPU
		{11A87AAC-A364-A9F3-E114-7B45AFC3368D}.Debug|Any CPU.ActiveCfg = Debug|Any CPU
		{11A87AAC-A364-A9F3-E114-7B45AFC3368D}.Debug|Any CPU.Build.0 = Debug|Any CPU
		{11A87AAC-A364-A9F3-E114-7B45AFC3368D}.Release|Any CPU.ActiveCfg = Release|Any CPU
		{11A87AAC-A364-A9F3-E114-7B45AFC3368D}.Release|Any CPU.Build.0 = Release|Any CPU
		{927CD925-C300-9A6E-6540-E89F819D2192}.Debug|Any CPU.ActiveCfg = Debug|Any CPU
		{927CD925-C300-9A6E-6540-E89F819D2192}.Debug|Any CPU.Build.0 = Debug|Any CPU
		{927CD925-C300-9A6E-6540-E89F819D2192}.Release|Any CPU.ActiveCfg = Release|Any CPU
		{927CD925-C300-9A6E-6540-E89F819D2192}.Release|Any CPU.Build.0 = Release|Any CPU
		{FAB6088E-7790-06A8-DE74-7BA12E29CC67}.Debug|Any CPU.ActiveCfg = Debug|Any CPU
		{FAB6088E-7790-06A8-DE74-7BA12E29CC67}.Debug|Any CPU.Build.0 = Debug|Any CPU
		{FAB6088E-7790-06A8-DE74-7BA12E29CC67}.Release|Any CPU.ActiveCfg = Release|Any CPU
		{FAB6088E-7790-06A8-DE74-7BA12E29CC67}.Release|Any CPU.Build.0 = Release|Any CPU
		{B9CA0C69-0B73-626B-D7EE-100827CA396B}.Debug|Any CPU.ActiveCfg = Debug|Any CPU
		{B9CA0C69-0B73-626B-D7EE-100827CA396B}.Debug|Any CPU.Build.0 = Debug|Any CPU
		{B9CA0C69-0B73-626B-D7EE-100827CA396B}.Release|Any CPU.ActiveCfg = Release|Any CPU
		{B9CA0C69-0B73-626B-D7EE-100827CA396B}.Release|Any CPU.Build.0 = Release|Any CPU
		{AA958A9E-8B9F-2D1D-F4C4-54D855C60F26}.Debug|Any CPU.ActiveCfg = Debug|Any CPU
		{AA958A9E-8B9F-2D1D-F4C4-54D855C60F26}.Debug|Any CPU.Build.0 = Debug|Any CPU
		{AA958A9E-8B9F-2D1D-F4C4-54D855C60F26}.Release|Any CPU.ActiveCfg = Release|Any CPU
		{AA958A9E-8B9F-2D1D-F4C4-54D855C60F26}.Release|Any CPU.Build.0 = Release|Any CPU
	EndGlobalSection
	GlobalSection(SolutionProperties) = preSolution
		HideSolutionNode = FALSE
	EndGlobalSection
EndGlobal
